
Microsoft Visual Studio Solution File, Format Version 12.00
# Visual Studio Version 17
VisualStudioVersion = 17.11.35327.3
MinimumVisualStudioVersion = 10.0.40219.1
Project("{FAE04EC0-301F-11D3-BF4B-00C04F79EFBC}") = "ProyectDemo", "ProyectDemo\ProyectDemo.csproj", "{AE3F6B0B-3623-470D-BDA8-CAA7B16D0B52}"
EndProject
Global
	GlobalSection(SolutionConfigurationPlatforms) = preSolution
		Debug|Any CPU = Debug|Any CPU
		Release|Any CPU = Release|Any CPU
	EndGlobalSection
	GlobalSection(ProjectConfigurationPlatforms) = postSolution
		{AE3F6B0B-3623-470D-BDA8-CAA7B16D0B52}.Debug|Any CPU.ActiveCfg = Debug|Any CPU
		{AE3F6B0B-3623-470D-BDA8-CAA7B16D0B52}.Debug|Any CPU.Build.0 = Debug|Any CPU
		{AE3F6B0B-3623-470D-BDA8-CAA7B16D0B52}.Release|Any CPU.ActiveCfg = Release|Any CPU
		{AE3F6B0B-3623-470D-BDA8-CAA7B16D0B52}.Release|Any CPU.Build.0 = Release|Any CPU
	EndGlobalSection
	GlobalSection(SolutionProperties) = preSolution
		HideSolutionNode = FALSE
	EndGlobalSection
	GlobalSection(ExtensibilityGlobals) = postSolution
		SolutionGuid = {03E5B2AA-F402-4DA2-BFEA-40212FBA7F8A}
	EndGlobalSection
EndGlobal
